
Microsoft Visual Studio Solution File, Format Version 12.00
# Visual Studio 15
VisualStudioVersion = 15.0.26124.0
MinimumVisualStudioVersion = 15.0.26124.0
Project("{9A19103F-16F7-4668-BE54-9A1E7A4F7556}") = "leltar", "leltar.csproj", "{F89E776B-3812-46E3-9C92-FE0C02AF8FF7}"
EndProject
Global
	GlobalSection(SolutionConfigurationPlatforms) = preSolution
		Debug|Any CPU = Debug|Any CPU
		Debug|x64 = Debug|x64
		Debug|x86 = Debug|x86
		Release|Any CPU = Release|Any CPU
		Release|x64 = Release|x64
		Release|x86 = Release|x86
	EndGlobalSection
	GlobalSection(ProjectConfigurationPlatforms) = postSolution
		{F89E776B-3812-46E3-9C92-FE0C02AF8FF7}.Debug|Any CPU.ActiveCfg = Debug|Any CPU
		{F89E776B-3812-46E3-9C92-FE0C02AF8FF7}.Debug|Any CPU.Build.0 = Debug|Any CPU
		{F89E776B-3812-46E3-9C92-FE0C02AF8FF7}.Debug|x64.ActiveCfg = Debug|Any CPU
		{F89E776B-3812-46E3-9C92-FE0C02AF8FF7}.Debug|x64.Build.0 = Debug|Any CPU
		{F89E776B-3812-46E3-9C92-FE0C02AF8FF7}.Debug|x86.ActiveCfg = Debug|Any CPU
		{F89E776B-3812-46E3-9C92-FE0C02AF8FF7}.Debug|x86.Build.0 = Debug|Any CPU
		{F89E776B-3812-46E3-9C92-FE0C02AF8FF7}.Release|Any CPU.ActiveCfg = Release|Any CPU
		{F89E776B-3812-46E3-9C92-FE0C02AF8FF7}.Release|Any CPU.Build.0 = Release|Any CPU
		{F89E776B-3812-46E3-9C92-FE0C02AF8FF7}.Release|x64.ActiveCfg = Release|Any CPU
		{F89E776B-3812-46E3-9C92-FE0C02AF8FF7}.Release|x64.Build.0 = Release|Any CPU
		{F89E776B-3812-46E3-9C92-FE0C02AF8FF7}.Release|x86.ActiveCfg = Release|Any CPU
		{F89E776B-3812-46E3-9C92-FE0C02AF8FF7}.Release|x86.Build.0 = Release|Any CPU
	EndGlobalSection
	GlobalSection(SolutionProperties) = preSolution
		HideSolutionNode = FALSE
	EndGlobalSection
	GlobalSection(ExtensibilityGlobals) = postSolution
		SolutionGuid = {289E1E6C-500A-4AF5-9E2E-8EE975D44042}
	EndGlobalSection
EndGlobal
